
Microsoft Visual Studio Solution File, Format Version 12.00
# Visual Studio Version 17
VisualStudioVersion = 17.14.36203.30 d17.14
MinimumVisualStudioVersion = 10.0.40219.1
Project("{FAE04EC0-301F-11D3-BF4B-00C04F79EFBC}") = "CopySafe", "CopySafe\CopySafe.csproj", "{BE6B6865-5D29-4EF9-B675-F58E657110A4}"
EndProject
Global
	GlobalSection(SolutionConfigurationPlatforms) = preSolution
		Debug|Any CPU = Debug|Any CPU
		Release|Any CPU = Release|Any CPU
	EndGlobalSection
	GlobalSection(ProjectConfigurationPlatforms) = postSolution
		{BE6B6865-5D29-4EF9-B675-F58E657110A4}.Debug|Any CPU.ActiveCfg = Debug|Any CPU
		{BE6B6865-5D29-4EF9-B675-F58E657110A4}.Debug|Any CPU.Build.0 = Debug|Any CPU
		{BE6B6865-5D29-4EF9-B675-F58E657110A4}.Release|Any CPU.ActiveCfg = Release|Any CPU
		{BE6B6865-5D29-4EF9-B675-F58E657110A4}.Release|Any CPU.Build.0 = Release|Any CPU
	EndGlobalSection
	GlobalSection(SolutionProperties) = preSolution
		HideSolutionNode = FALSE
	EndGlobalSection
	GlobalSection(ExtensibilityGlobals) = postSolution
		SolutionGuid = {55A95DD1-4163-44D7-BA60-FFDF24F4BEFF}
	EndGlobalSection
EndGlobal
